
Microsoft Visual Studio Solution File, Format Version 12.00
# Visual Studio Version 17
VisualStudioVersion = 17.0.31903.59
MinimumVisualStudioVersion = 10.0.40219.1
Project("{9A19103F-16F7-4668-BE54-9A1E7A4F7556}") = "Scripts", "Source\Scripts\Scripts.csproj", "{3B8C9AB8-2DC3-4655-BF67-AE2001D3B4F6}"
EndProject
Project("{9A19103F-16F7-4668-BE54-9A1E7A4F7556}") = "Framework", "Source\Framework\Framework.csproj", "{2F7515AD-18E3-4ACA-A14B-1929F76299E7}"
EndProject
Project("{2150E333-8FDC-42A3-9474-1A3956D46DE8}") = "Servers", "Servers", "{480EFA6E-4FEC-483A-8432-09964C3486E0}"
EndProject
Project("{2150E333-8FDC-42A3-9474-1A3956D46DE8}") = "Libs", "Libs", "{0C88588D-45B8-4AA9-8EEA-DB1A1BD19D19}"
EndProject
Project("{2150E333-8FDC-42A3-9474-1A3956D46DE8}") = "Solution Items", "Solution Items", "{C6A81F04-42DF-4B9E-B228-13F9FEDFBE3B}"
	ProjectSection(SolutionItems) = preProject
		.editorconfig = .editorconfig
		.gitattributes = .gitattributes
		.gitignore = .gitignore
		appveyor.yml = appveyor.yml
		Forged_Logo.png = Forged_Logo.png
		README.md = README.md
		THANKS = THANKS
	EndProjectSection
EndProject
Project("{9A19103F-16F7-4668-BE54-9A1E7A4F7556}") = "Forged.LoginServer", "Source\Forged.LoginServer\Forged.LoginServer.csproj", "{A44AC4A3-4573-4A15-A383-B70338C7C067}"
EndProject
Project("{9A19103F-16F7-4668-BE54-9A1E7A4F7556}") = "Forged.MapServer", "Source\Forged.MapServer\Forged.MapServer.csproj", "{4CC2EEEE-E70F-4D3E-A470-C71540EBDD56}"
EndProject
Project("{9A19103F-16F7-4668-BE54-9A1E7A4F7556}") = "Forged.RealmServer", "Source\Forged.RealmServer\Forged.RealmServer.csproj", "{08946E16-2C74-4189-87B5-C6B1BF907EC1}"
EndProject
Project("{9A19103F-16F7-4668-BE54-9A1E7A4F7556}") = "Game.Common", "Source\Game.Common\Game.Common.csproj", "{A3246C16-07A8-42B5-928F-8E96B14E22F1}"
EndProject
Global
	GlobalSection(SolutionConfigurationPlatforms) = preSolution
		Debug|linux-x64 = Debug|linux-x64
		Debug|mac-x64 = Debug|mac-x64
		Debug|win-x64 = Debug|win-x64
		DebugMetric|linux-x64 = DebugMetric|linux-x64
		DebugMetric|mac-x64 = DebugMetric|mac-x64
		DebugMetric|win-x64 = DebugMetric|win-x64
		Release|linux-x64 = Release|linux-x64
		Release|mac-x64 = Release|mac-x64
		Release|win-x64 = Release|win-x64
	EndGlobalSection
	GlobalSection(ProjectConfigurationPlatforms) = postSolution
		{3B8C9AB8-2DC3-4655-BF67-AE2001D3B4F6}.Debug|linux-x64.ActiveCfg = Debug|linux-x64
		{3B8C9AB8-2DC3-4655-BF67-AE2001D3B4F6}.Debug|linux-x64.Build.0 = Debug|linux-x64
		{3B8C9AB8-2DC3-4655-BF67-AE2001D3B4F6}.Debug|mac-x64.ActiveCfg = Debug|mac-x64
		{3B8C9AB8-2DC3-4655-BF67-AE2001D3B4F6}.Debug|mac-x64.Build.0 = Debug|mac-x64
		{3B8C9AB8-2DC3-4655-BF67-AE2001D3B4F6}.Debug|win-x64.ActiveCfg = Debug|win-x64
		{3B8C9AB8-2DC3-4655-BF67-AE2001D3B4F6}.Debug|win-x64.Build.0 = Debug|win-x64
		{3B8C9AB8-2DC3-4655-BF67-AE2001D3B4F6}.DebugMetric|linux-x64.ActiveCfg = DebugMetric|linux-x64
		{3B8C9AB8-2DC3-4655-BF67-AE2001D3B4F6}.DebugMetric|linux-x64.Build.0 = DebugMetric|linux-x64
		{3B8C9AB8-2DC3-4655-BF67-AE2001D3B4F6}.DebugMetric|mac-x64.ActiveCfg = DebugMetric|mac-x64
		{3B8C9AB8-2DC3-4655-BF67-AE2001D3B4F6}.DebugMetric|mac-x64.Build.0 = DebugMetric|mac-x64
		{3B8C9AB8-2DC3-4655-BF67-AE2001D3B4F6}.DebugMetric|win-x64.ActiveCfg = DebugMetric|win-x64
		{3B8C9AB8-2DC3-4655-BF67-AE2001D3B4F6}.DebugMetric|win-x64.Build.0 = DebugMetric|win-x64
		{3B8C9AB8-2DC3-4655-BF67-AE2001D3B4F6}.Release|linux-x64.ActiveCfg = Release|linux-x64
		{3B8C9AB8-2DC3-4655-BF67-AE2001D3B4F6}.Release|linux-x64.Build.0 = Release|linux-x64
		{3B8C9AB8-2DC3-4655-BF67-AE2001D3B4F6}.Release|mac-x64.ActiveCfg = Release|mac-x64
		{3B8C9AB8-2DC3-4655-BF67-AE2001D3B4F6}.Release|mac-x64.Build.0 = Release|mac-x64
		{3B8C9AB8-2DC3-4655-BF67-AE2001D3B4F6}.Release|win-x64.ActiveCfg = Release|win-x64
		{3B8C9AB8-2DC3-4655-BF67-AE2001D3B4F6}.Release|win-x64.Build.0 = Release|win-x64
		{2F7515AD-18E3-4ACA-A14B-1929F76299E7}.Debug|linux-x64.ActiveCfg = Debug|linux-x64
		{2F7515AD-18E3-4ACA-A14B-1929F76299E7}.Debug|linux-x64.Build.0 = Debug|linux-x64
		{2F7515AD-18E3-4ACA-A14B-1929F76299E7}.Debug|mac-x64.ActiveCfg = Debug|mac-x64
		{2F7515AD-18E3-4ACA-A14B-1929F76299E7}.Debug|mac-x64.Build.0 = Debug|mac-x64
		{2F7515AD-18E3-4ACA-A14B-1929F76299E7}.Debug|win-x64.ActiveCfg = Debug|win-x64
		{2F7515AD-18E3-4ACA-A14B-1929F76299E7}.Debug|win-x64.Build.0 = Debug|win-x64
		{2F7515AD-18E3-4ACA-A14B-1929F76299E7}.DebugMetric|linux-x64.ActiveCfg = DebugMetric|linux-x64
		{2F7515AD-18E3-4ACA-A14B-1929F76299E7}.DebugMetric|linux-x64.Build.0 = DebugMetric|linux-x64
		{2F7515AD-18E3-4ACA-A14B-1929F76299E7}.DebugMetric|mac-x64.ActiveCfg = DebugMetric|mac-x64
		{2F7515AD-18E3-4ACA-A14B-1929F76299E7}.DebugMetric|mac-x64.Build.0 = DebugMetric|mac-x64
		{2F7515AD-18E3-4ACA-A14B-1929F76299E7}.DebugMetric|win-x64.ActiveCfg = DebugMetric|win-x64
		{2F7515AD-18E3-4ACA-A14B-1929F76299E7}.DebugMetric|win-x64.Build.0 = DebugMetric|win-x64
		{2F7515AD-18E3-4ACA-A14B-1929F76299E7}.Release|linux-x64.ActiveCfg = Release|linux-x64
		{2F7515AD-18E3-4ACA-A14B-1929F76299E7}.Release|linux-x64.Build.0 = Release|linux-x64
		{2F7515AD-18E3-4ACA-A14B-1929F76299E7}.Release|mac-x64.ActiveCfg = Release|mac-x64
		{2F7515AD-18E3-4ACA-A14B-1929F76299E7}.Release|mac-x64.Build.0 = Release|mac-x64
		{2F7515AD-18E3-4ACA-A14B-1929F76299E7}.Release|win-x64.ActiveCfg = Release|win-x64
		{2F7515AD-18E3-4ACA-A14B-1929F76299E7}.Release|win-x64.Build.0 = Release|win-x64
		{A44AC4A3-4573-4A15-A383-B70338C7C067}.Debug|linux-x64.ActiveCfg = Debug|linux-x64
		{A44AC4A3-4573-4A15-A383-B70338C7C067}.Debug|linux-x64.Build.0 = Debug|linux-x64
		{A44AC4A3-4573-4A15-A383-B70338C7C067}.Debug|mac-x64.ActiveCfg = Debug|mac-x64
		{A44AC4A3-4573-4A15-A383-B70338C7C067}.Debug|mac-x64.Build.0 = Debug|mac-x64
		{A44AC4A3-4573-4A15-A383-B70338C7C067}.Debug|win-x64.ActiveCfg = Debug|win-x64
		{A44AC4A3-4573-4A15-A383-B70338C7C067}.Debug|win-x64.Build.0 = Debug|win-x64
		{A44AC4A3-4573-4A15-A383-B70338C7C067}.DebugMetric|linux-x64.ActiveCfg = DebugMetric|linux-x64
		{A44AC4A3-4573-4A15-A383-B70338C7C067}.DebugMetric|linux-x64.Build.0 = DebugMetric|linux-x64
		{A44AC4A3-4573-4A15-A383-B70338C7C067}.DebugMetric|mac-x64.ActiveCfg = DebugMetric|mac-x64
		{A44AC4A3-4573-4A15-A383-B70338C7C067}.DebugMetric|mac-x64.Build.0 = DebugMetric|mac-x64
		{A44AC4A3-4573-4A15-A383-B70338C7C067}.DebugMetric|win-x64.ActiveCfg = DebugMetric|win-x64
		{A44AC4A3-4573-4A15-A383-B70338C7C067}.DebugMetric|win-x64.Build.0 = DebugMetric|win-x64
		{A44AC4A3-4573-4A15-A383-B70338C7C067}.Release|linux-x64.ActiveCfg = Release|linux-x64
		{A44AC4A3-4573-4A15-A383-B70338C7C067}.Release|linux-x64.Build.0 = Release|linux-x64
		{A44AC4A3-4573-4A15-A383-B70338C7C067}.Release|mac-x64.ActiveCfg = Release|mac-x64
		{A44AC4A3-4573-4A15-A383-B70338C7C067}.Release|mac-x64.Build.0 = Release|mac-x64
		{A44AC4A3-4573-4A15-A383-B70338C7C067}.Release|win-x64.ActiveCfg = Release|win-x64
		{A44AC4A3-4573-4A15-A383-B70338C7C067}.Release|win-x64.Build.0 = Release|win-x64
		{4CC2EEEE-E70F-4D3E-A470-C71540EBDD56}.Debug|linux-x64.ActiveCfg = Debug|linux-x64
		{4CC2EEEE-E70F-4D3E-A470-C71540EBDD56}.Debug|linux-x64.Build.0 = Debug|linux-x64
		{4CC2EEEE-E70F-4D3E-A470-C71540EBDD56}.Debug|mac-x64.ActiveCfg = Debug|mac-x64
		{4CC2EEEE-E70F-4D3E-A470-C71540EBDD56}.Debug|mac-x64.Build.0 = Debug|mac-x64
		{4CC2EEEE-E70F-4D3E-A470-C71540EBDD56}.Debug|win-x64.ActiveCfg = Debug|win-x64
		{4CC2EEEE-E70F-4D3E-A470-C71540EBDD56}.Debug|win-x64.Build.0 = Debug|win-x64
		{4CC2EEEE-E70F-4D3E-A470-C71540EBDD56}.DebugMetric|linux-x64.ActiveCfg = DebugMetric|linux-x64
		{4CC2EEEE-E70F-4D3E-A470-C71540EBDD56}.DebugMetric|linux-x64.Build.0 = DebugMetric|linux-x64
		{4CC2EEEE-E70F-4D3E-A470-C71540EBDD56}.DebugMetric|mac-x64.ActiveCfg = DebugMetric|mac-x64
		{4CC2EEEE-E70F-4D3E-A470-C71540EBDD56}.DebugMetric|mac-x64.Build.0 = DebugMetric|mac-x64
		{4CC2EEEE-E70F-4D3E-A470-C71540EBDD56}.DebugMetric|win-x64.ActiveCfg = DebugMetric|win-x64
		{4CC2EEEE-E70F-4D3E-A470-C71540EBDD56}.DebugMetric|win-x64.Build.0 = DebugMetric|win-x64
		{4CC2EEEE-E70F-4D3E-A470-C71540EBDD56}.Release|linux-x64.ActiveCfg = Release|linux-x64
		{4CC2EEEE-E70F-4D3E-A470-C71540EBDD56}.Release|linux-x64.Build.0 = Release|linux-x64
		{4CC2EEEE-E70F-4D3E-A470-C71540EBDD56}.Release|mac-x64.ActiveCfg = Release|mac-x64
		{4CC2EEEE-E70F-4D3E-A470-C71540EBDD56}.Release|mac-x64.Build.0 = Release|mac-x64
		{4CC2EEEE-E70F-4D3E-A470-C71540EBDD56}.Release|win-x64.ActiveCfg = Release|win-x64
		{4CC2EEEE-E70F-4D3E-A470-C71540EBDD56}.Release|win-x64.Build.0 = Release|win-x64
		{08946E16-2C74-4189-87B5-C6B1BF907EC1}.Debug|linux-x64.ActiveCfg = Debug|linux-x64
		{08946E16-2C74-4189-87B5-C6B1BF907EC1}.Debug|linux-x64.Build.0 = Debug|linux-x64
		{08946E16-2C74-4189-87B5-C6B1BF907EC1}.Debug|mac-x64.ActiveCfg = Debug|mac-x64
		{08946E16-2C74-4189-87B5-C6B1BF907EC1}.Debug|mac-x64.Build.0 = Debug|mac-x64
		{08946E16-2C74-4189-87B5-C6B1BF907EC1}.Debug|win-x64.ActiveCfg = Debug|win-x64
		{08946E16-2C74-4189-87B5-C6B1BF907EC1}.Debug|win-x64.Build.0 = Debug|win-x64
		{08946E16-2C74-4189-87B5-C6B1BF907EC1}.DebugMetric|linux-x64.ActiveCfg = DebugMetric|linux-x64
		{08946E16-2C74-4189-87B5-C6B1BF907EC1}.DebugMetric|linux-x64.Build.0 = DebugMetric|linux-x64
		{08946E16-2C74-4189-87B5-C6B1BF907EC1}.DebugMetric|mac-x64.ActiveCfg = DebugMetric|mac-x64
		{08946E16-2C74-4189-87B5-C6B1BF907EC1}.DebugMetric|mac-x64.Build.0 = DebugMetric|mac-x64
		{08946E16-2C74-4189-87B5-C6B1BF907EC1}.DebugMetric|win-x64.ActiveCfg = DebugMetric|win-x64
		{08946E16-2C74-4189-87B5-C6B1BF907EC1}.DebugMetric|win-x64.Build.0 = DebugMetric|win-x64
		{08946E16-2C74-4189-87B5-C6B1BF907EC1}.Release|linux-x64.ActiveCfg = Release|linux-x64
		{08946E16-2C74-4189-87B5-C6B1BF907EC1}.Release|linux-x64.Build.0 = Release|linux-x64
		{08946E16-2C74-4189-87B5-C6B1BF907EC1}.Release|mac-x64.ActiveCfg = Release|mac-x64
		{08946E16-2C74-4189-87B5-C6B1BF907EC1}.Release|mac-x64.Build.0 = Release|mac-x64
		{08946E16-2C74-4189-87B5-C6B1BF907EC1}.Release|win-x64.ActiveCfg = Release|win-x64
		{08946E16-2C74-4189-87B5-C6B1BF907EC1}.Release|win-x64.Build.0 = Release|win-x64
		{A3246C16-07A8-42B5-928F-8E96B14E22F1}.Debug|linux-x64.ActiveCfg = Debug|linux-x64
		{A3246C16-07A8-42B5-928F-8E96B14E22F1}.Debug|linux-x64.Build.0 = Debug|linux-x64
		{A3246C16-07A8-42B5-928F-8E96B14E22F1}.Debug|mac-x64.ActiveCfg = Debug|mac-x64
		{A3246C16-07A8-42B5-928F-8E96B14E22F1}.Debug|mac-x64.Build.0 = Debug|mac-x64
		{A3246C16-07A8-42B5-928F-8E96B14E22F1}.Debug|win-x64.ActiveCfg = Debug|win-x64
		{A3246C16-07A8-42B5-928F-8E96B14E22F1}.Debug|win-x64.Build.0 = Debug|win-x64
		{A3246C16-07A8-42B5-928F-8E96B14E22F1}.DebugMetric|linux-x64.ActiveCfg = DebugMetric|linux-x64
		{A3246C16-07A8-42B5-928F-8E96B14E22F1}.DebugMetric|linux-x64.Build.0 = DebugMetric|linux-x64
		{A3246C16-07A8-42B5-928F-8E96B14E22F1}.DebugMetric|mac-x64.ActiveCfg = DebugMetric|mac-x64
		{A3246C16-07A8-42B5-928F-8E96B14E22F1}.DebugMetric|mac-x64.Build.0 = DebugMetric|mac-x64
		{A3246C16-07A8-42B5-928F-8E96B14E22F1}.DebugMetric|win-x64.ActiveCfg = DebugMetric|win-x64
		{A3246C16-07A8-42B5-928F-8E96B14E22F1}.DebugMetric|win-x64.Build.0 = DebugMetric|win-x64
		{A3246C16-07A8-42B5-928F-8E96B14E22F1}.Release|linux-x64.ActiveCfg = Release|linux-x64
		{A3246C16-07A8-42B5-928F-8E96B14E22F1}.Release|linux-x64.Build.0 = Release|linux-x64
		{A3246C16-07A8-42B5-928F-8E96B14E22F1}.Release|mac-x64.ActiveCfg = Release|mac-x64
		{A3246C16-07A8-42B5-928F-8E96B14E22F1}.Release|mac-x64.Build.0 = Release|mac-x64
		{A3246C16-07A8-42B5-928F-8E96B14E22F1}.Release|win-x64.ActiveCfg = Release|win-x64
		{A3246C16-07A8-42B5-928F-8E96B14E22F1}.Release|win-x64.Build.0 = Release|win-x64
	EndGlobalSection
	GlobalSection(SolutionProperties) = preSolution
		HideSolutionNode = FALSE
	EndGlobalSection
	GlobalSection(NestedProjects) = preSolution
		{3B8C9AB8-2DC3-4655-BF67-AE2001D3B4F6} = {0C88588D-45B8-4AA9-8EEA-DB1A1BD19D19}
		{2F7515AD-18E3-4ACA-A14B-1929F76299E7} = {0C88588D-45B8-4AA9-8EEA-DB1A1BD19D19}
		{A44AC4A3-4573-4A15-A383-B70338C7C067} = {480EFA6E-4FEC-483A-8432-09964C3486E0}
		{4CC2EEEE-E70F-4D3E-A470-C71540EBDD56} = {480EFA6E-4FEC-483A-8432-09964C3486E0}
		{08946E16-2C74-4189-87B5-C6B1BF907EC1} = {480EFA6E-4FEC-483A-8432-09964C3486E0}
		{A3246C16-07A8-42B5-928F-8E96B14E22F1} = {0C88588D-45B8-4AA9-8EEA-DB1A1BD19D19}
	EndGlobalSection
	GlobalSection(ExtensibilityGlobals) = postSolution
		SolutionGuid = {836F0B44-1360-4E79-8ED9-F3D23C2ACEF5}
	EndGlobalSection
EndGlobal
